
Microsoft Visual Studio Solution File, Format Version 12.00
# Visual Studio Version 17
VisualStudioVersion = 17.9.34622.214
MinimumVisualStudioVersion = 10.0.40219.1
Project("{FAE04EC0-301F-11D3-BF4B-00C04F79EFBC}") = "DestifyMovies.Server", "DestifyMovies.Server\DestifyMovies.Server.csproj", "{28C096AA-2DA0-4973-8107-2324CCA71F71}"
EndProject
Project("{54A90642-561A-4BB1-A94E-469ADEE60C69}") = "destifymovies.client", "destifymovies.client\destifymovies.client.esproj", "{0A25C4DE-F0D3-4801-A3BD-40C9CD73641D}"
EndProject
Global
	GlobalSection(SolutionConfigurationPlatforms) = preSolution
		Debug|Any CPU = Debug|Any CPU
		Release|Any CPU = Release|Any CPU
	EndGlobalSection
	GlobalSection(ProjectConfigurationPlatforms) = postSolution
		{28C096AA-2DA0-4973-8107-2324CCA71F71}.Debug|Any CPU.ActiveCfg = Debug|Any CPU
		{28C096AA-2DA0-4973-8107-2324CCA71F71}.Debug|Any CPU.Build.0 = Debug|Any CPU
		{28C096AA-2DA0-4973-8107-2324CCA71F71}.Release|Any CPU.ActiveCfg = Release|Any CPU
		{28C096AA-2DA0-4973-8107-2324CCA71F71}.Release|Any CPU.Build.0 = Release|Any CPU
		{0A25C4DE-F0D3-4801-A3BD-40C9CD73641D}.Debug|Any CPU.ActiveCfg = Debug|Any CPU
		{0A25C4DE-F0D3-4801-A3BD-40C9CD73641D}.Debug|Any CPU.Build.0 = Debug|Any CPU
		{0A25C4DE-F0D3-4801-A3BD-40C9CD73641D}.Debug|Any CPU.Deploy.0 = Debug|Any CPU
		{0A25C4DE-F0D3-4801-A3BD-40C9CD73641D}.Release|Any CPU.ActiveCfg = Release|Any CPU
		{0A25C4DE-F0D3-4801-A3BD-40C9CD73641D}.Release|Any CPU.Build.0 = Release|Any CPU
		{0A25C4DE-F0D3-4801-A3BD-40C9CD73641D}.Release|Any CPU.Deploy.0 = Release|Any CPU
	EndGlobalSection
	GlobalSection(SolutionProperties) = preSolution
		HideSolutionNode = FALSE
	EndGlobalSection
	GlobalSection(ExtensibilityGlobals) = postSolution
		SolutionGuid = {43D424E6-2E49-4DAC-ABBA-0519245914E9}
	EndGlobalSection
EndGlobal
